# This file is generated by running "yarn install" inside your project.
# Manual changes might be lost - proceed with caution!

__metadata:
  version: 8
  cacheKey: 10c0

"@mitata/counters@npm:0.0.8":
  version: 0.0.8
  resolution: "@mitata/counters@npm:0.0.8"
  checksum: 10c0/e167d8b50b00c84395df277b226820231e4733d425a516adde1300fe0a6c25786e34fe32dc86ca8c0f90a681ff06ab858995c41d7c59ab148c7d3866097a0885
  languageName: node
  linkType: hard

"async@npm:^3.2.6":
  version: 3.2.6
  resolution: "async@npm:3.2.6"
  checksum: 10c0/36484bb15ceddf07078688d95e27076379cc2f87b10c03b6dd8a83e89475a3c8df5848859dd06a4c95af1e4c16fc973de0171a77f18ea00be899aca2a4f85e70
  languageName: node
  linkType: hard

"balanced-match@npm:^1.0.0":
  version: 1.0.2
  resolution: "balanced-match@npm:1.0.2"
  checksum: 10c0/9308baf0a7e4838a82bbfd11e01b1cb0f0cf2893bc1676c27c2a8c0e70cbae1c59120c3268517a8ae7fb6376b4639ef81ca22582611dbee4ed28df945134aaee
  languageName: node
  linkType: hard

"brace-expansion@npm:^2.0.1":
  version: 2.0.2
  resolution: "brace-expansion@npm:2.0.2"
  dependencies:
    balanced-match: "npm:^1.0.0"
  checksum: 10c0/6d117a4c793488af86b83172deb6af143e94c17bc53b0b3cec259733923b4ca84679d506ac261f4ba3c7ed37c46018e2ff442f9ce453af8643ecd64f4a54e6cf
  languageName: node
  linkType: hard

"ejs@npm:3.1.10":
  version: 3.1.10
  resolution: "ejs@npm:3.1.10"
  dependencies:
    jake: "npm:^10.8.5"
  bin:
    ejs: bin/cli.js
  checksum: 10c0/52eade9e68416ed04f7f92c492183340582a36482836b11eab97b159fcdcfdedc62233a1bf0bf5e5e1851c501f2dca0e2e9afd111db2599e4e7f53ee29429ae1
  languageName: node
  linkType: hard

"filelist@npm:^1.0.4":
  version: 1.0.4
  resolution: "filelist@npm:1.0.4"
  dependencies:
    minimatch: "npm:^5.0.1"
  checksum: 10c0/426b1de3944a3d153b053f1c0ebfd02dccd0308a4f9e832ad220707a6d1f1b3c9784d6cadf6b2f68f09a57565f63ebc7bcdc913ccf8012d834f472c46e596f41
  languageName: node
  linkType: hard

"is-interactive@npm:2.0.0":
  version: 2.0.0
  resolution: "is-interactive@npm:2.0.0"
  checksum: 10c0/801c8f6064f85199dc6bf99b5dd98db3282e930c3bc197b32f2c5b89313bb578a07d1b8a01365c4348c2927229234f3681eb861b9c2c92bee72ff397390fa600
  languageName: node
  linkType: hard

"jake@npm:^10.8.5":
  version: 10.9.4
  resolution: "jake@npm:10.9.4"
  dependencies:
    async: "npm:^3.2.6"
    filelist: "npm:^1.0.4"
    picocolors: "npm:^1.1.1"
  bin:
    jake: bin/cli.js
  checksum: 10c0/bb52f000340d4a32f1a3893b9abe56ef2b77c25da4dbf2c0c874a8159d082dddda50a5ad10e26060198bd645b928ba8dba3b362710f46a247e335321188c5a9c
  languageName: node
  linkType: hard

"js-benchmarks@workspace:.":
  version: 0.0.0-use.local
  resolution: "js-benchmarks@workspace:."
  dependencies:
    "@mitata/counters": "npm:0.0.8"
    ejs: "npm:3.1.10"
    is-interactive: "npm:2.0.0"
    mitata: "npm:1.0.34"
    prettier: "npm:3.6.2"
  languageName: unknown
  linkType: soft

"minimatch@npm:^5.0.1":
  version: 5.1.6
  resolution: "minimatch@npm:5.1.6"
  dependencies:
    brace-expansion: "npm:^2.0.1"
  checksum: 10c0/3defdfd230914f22a8da203747c42ee3c405c39d4d37ffda284dac5e45b7e1f6c49aa8be606509002898e73091ff2a3bbfc59c2c6c71d4660609f63aa92f98e3
  languageName: node
  linkType: hard

"mitata@npm:1.0.34":
  version: 1.0.34
  resolution: "mitata@npm:1.0.34"
  checksum: 10c0/a78a0dd18203e47f444915e64e900e9686d5b6c53c461105f79a6b4795983a2f1fa573ce6fea697ebb29c31ff31b2e7e4f0ce072e0611e0313ebef274a0a5811
  languageName: node
  linkType: hard

"picocolors@npm:^1.1.1":
  version: 1.1.1
  resolution: "picocolors@npm:1.1.1"
  checksum: 10c0/e2e3e8170ab9d7c7421969adaa7e1b31434f789afb9b3f115f6b96d91945041ac3ceb02e9ec6fe6510ff036bcc0bf91e69a1772edc0b707e12b19c0f2d6bcf58
  languageName: node
  linkType: hard

"prettier@npm:3.6.2":
  version: 3.6.2
  resolution: "prettier@npm:3.6.2"
  bin:
    prettier: bin/prettier.cjs
  checksum: 10c0/488cb2f2b99ec13da1e50074912870217c11edaddedeadc649b1244c749d15ba94e846423d062e2c4c9ae683e2d65f754de28889ba06e697ac4f988d44f45812
  languageName: node
  linkType: hard
